
Microsoft Visual Studio Solution File, Format Version 12.00
# Visual Studio Version 16
VisualStudioVersion = 16.0.30717.126
MinimumVisualStudioVersion = 10.0.40219.1
Project("{888888A0-9F3D-457C-B088-3A5042F75D52}") = "style_transfer_demo_live", "style_transfer_demo_live\style_transfer_demo_live.pyproj", "{CA0C5DB4-31A2-442B-9EB9-0693D9F781CC}"
EndProject
Global
	GlobalSection(SolutionConfigurationPlatforms) = preSolution
		Debug|Any CPU = Debug|Any CPU
		Release|Any CPU = Release|Any CPU
	EndGlobalSection
	GlobalSection(ProjectConfigurationPlatforms) = postSolution
		{CA0C5DB4-31A2-442B-9EB9-0693D9F781CC}.Debug|Any CPU.ActiveCfg = Debug|Any CPU
		{CA0C5DB4-31A2-442B-9EB9-0693D9F781CC}.Release|Any CPU.ActiveCfg = Release|Any CPU
	EndGlobalSection
	GlobalSection(SolutionProperties) = preSolution
		HideSolutionNode = FALSE
	EndGlobalSection
	GlobalSection(ExtensibilityGlobals) = postSolution
		SolutionGuid = {519BC500-E888-4580-92EA-28D66C7B56F5}
	EndGlobalSection
EndGlobal
